PODS:
  - JCore (1.2.6)
  - JPush (3.1.2):
    - JCore (~> 1.2.6)

DEPENDENCIES:
  - JPush

SPEC REPOS:
  https://github.com/cocoapods/specs.git:
    - JCore
    - JPush

SPEC CHECKSUMS:
  JCore: cae516dd2bf1a73b578ce6e1065abd49e709e0f7
  JPush: d0cead70ba223a6a3b52749899ebda830dfbc49a

PODFILE CHECKSUM: e437851675cf2e4942f0956a46e1f62367e88961

COCOAPODS: 1.5.3
